{
  "nodes": {
    "gbm-ocaml": {
      "inputs": {
        "libdrm-ocaml": "libdrm-ocaml",
        "nixpkgs": [
          "nixpkgs"
        ]
      },
      "locked": {
        "lastModified": 1774604058,
        "narHash": "sha256-hn+XQ3796igiDtZJKdvq6bUojQs234g83Abx1nSuj60=",
        "owner": "talex5",
        "repo": "gbm-ocaml",
        "rev": "5c4b2a7cc1b4def5ba44c4ca84ca40115c414844",
        "type": "github"
      },
      "original": {
        "owner": "talex5",
        "ref": "main",
        "repo": "gbm-ocaml",
        "type": "github"
      }
    },
    "libdrm-ocaml": {
      "inputs": {
        "nixpkgs": [
          "gbm-ocaml",
          "nixpkgs"
        ]
      },
      "locked": {
        "lastModified": 1774603778,
        "narHash": "sha256-/v+Tx8oyE5vVfnFOYIabjJXDfmPatII71VUSChO1KNE=",
        "owner": "talex5",
        "repo": "libdrm-ocaml",
        "rev": "544346b60de99f60a16f0f7b35e16f250839f073",
        "type": "github"
      },
      "original": {
        "owner": "talex5",
        "ref": "main",
        "repo": "libdrm-ocaml",
        "type": "github"
      }
    },
    "libinput-ocaml": {
      "inputs": {
        "nixpkgs": [
          "nixpkgs"
        ]
      },
      "locked": {
        "lastModified": 1774085085,
        "narHash": "sha256-/80Qk2w95w7gXvovHOXld2VLIwNPBMhzXkeKPjeLeJI=",
        "owner": "talex5",
        "repo": "libinput-ocaml",
        "rev": "c9a7ad7ebfa1852adfd23ea3e9eb26e8d87a3551",
        "type": "github"
      },
      "original": {
        "owner": "talex5",
        "ref": "main",
        "repo": "libinput-ocaml",
        "type": "github"
      }
    },
    "nixpkgs": {
      "locked": {
        "lastModified": 1774614410,
        "narHash": "sha256-VJD143vWEZmW3Sjda8tVr1XdD5eK559VzSxtJfRrPKw=",
        "owner": "NixOS",
        "repo": "nixpkgs",
        "rev": "288f2d26f34b0a62d43b1ec34d99a640a64a14af",
        "type": "github"
      },
      "original": {
        "owner": "NixOS",
        "ref": "release-25.11",
        "repo": "nixpkgs",
        "type": "github"
      }
    },
    "olivine": {
      "inputs": {
        "nixpkgs": [
          "nixpkgs"
        ]
      },
      "locked": {
        "lastModified": 1774111372,
        "narHash": "sha256-O+B0qbp2YZ9ngWrzCuSe4XEsTW2NY/0H0FcroHdVysQ=",
        "owner": "talex5",
        "repo": "olivine",
        "rev": "e40fba89dcd28f86da393a15f2b39f98ab5e35fe",
        "type": "github"
      },
      "original": {
        "owner": "talex5",
        "ref": "fix-record-ext",
        "repo": "olivine",
        "type": "github"
      }
    },
    "root": {
      "inputs": {
        "gbm-ocaml": "gbm-ocaml",
        "libinput-ocaml": "libinput-ocaml",
        "nixpkgs": "nixpkgs",
        "olivine": "olivine"
      }
    }
  },
  "root": "root",
  "version": 7
}
