{
  "nodes": {
    "gbm-ocaml": {
      "inputs": {
        "libdrm-ocaml": "libdrm-ocaml",
        "nixpkgs": [
          "nixpkgs"
        ]
      },
      "locked": {
        "lastModified": 1774604058,
        "narHash": "sha256-hn+XQ3796igiDtZJKdvq6bUojQs234g83Abx1nSuj60=",
        "owner": "talex5",
        "repo": "gbm-ocaml",
        "rev": "5c4b2a7cc1b4def5ba44c4ca84ca40115c414844",
        "type": "github"
      },
      "original": {
        "owner": "talex5",
        "ref": "main",
        "repo": "gbm-ocaml",
        "type": "github"
      }
    },
    "libdrm-ocaml": {
      "inputs": {
        "nixpkgs": [
          "gbm-ocaml",
          "nixpkgs"
        ]
      },
      "locked": {
        "lastModified": 1774603778,
        "narHash": "sha256-/v+Tx8oyE5vVfnFOYIabjJXDfmPatII71VUSChO1KNE=",
        "owner": "talex5",
        "repo": "libdrm-ocaml",
        "rev": "544346b60de99f60a16f0f7b35e16f250839f073",
        "type": "github"
      },
      "original": {
        "owner": "talex5",
        "ref": "main",
        "repo": "libdrm-ocaml",
        "type": "github"
      }
    },
    "nixpkgs": {
      "locked": {
        "lastModified": 1774598844,
        "narHash": "sha256-xmms5XM3RH8bg+9I+zQre2Bh04JFZo3DUmic6a+hDVc=",
        "owner": "NixOS",
        "repo": "nixpkgs",
        "rev": "046e0b83d192575a70aeb47d2015aed865c3dada",
        "type": "github"
      },
      "original": {
        "owner": "NixOS",
        "ref": "release-25.11",
        "repo": "nixpkgs",
        "type": "github"
      }
    },
    "olivine": {
      "inputs": {
        "nixpkgs": [
          "nixpkgs"
        ]
      },
      "locked": {
        "lastModified": 1774111372,
        "narHash": "sha256-O+B0qbp2YZ9ngWrzCuSe4XEsTW2NY/0H0FcroHdVysQ=",
        "owner": "talex5",
        "repo": "olivine",
        "rev": "e40fba89dcd28f86da393a15f2b39f98ab5e35fe",
        "type": "github"
      },
      "original": {
        "owner": "talex5",
        "ref": "fix-record-ext",
        "repo": "olivine",
        "type": "github"
      }
    },
    "root": {
      "inputs": {
        "gbm-ocaml": "gbm-ocaml",
        "nixpkgs": "nixpkgs",
        "olivine": "olivine"
      }
    }
  },
  "root": "root",
  "version": 7
}
