{
  "nodes": {
    "eio-trace": {
      "inputs": {
        "flake-utils": "flake-utils",
        "nixpkgs": [
          "nixpkgs"
        ]
      },
      "locked": {
        "lastModified": 1757064370,
        "narHash": "sha256-mMlF+ceasb40F+Owr2e+uStMhRPLPKOu8JorIK5WkDw=",
        "owner": "ocaml-multicore",
        "repo": "eio-trace",
        "rev": "ce5fb3cfd516783c13cc6ae1962459a0c57a2514",
        "type": "github"
      },
      "original": {
        "owner": "ocaml-multicore",
        "repo": "eio-trace",
        "type": "github"
      }
    },
    "flake-utils": {
      "inputs": {
        "systems": "systems"
      },
      "locked": {
        "lastModified": 1731533236,
        "narHash": "sha256-l0KFg5HjrsfsO/JpG+r7fRrqm12kzFHyUHqHCVpMMbI=",
        "owner": "numtide",
        "repo": "flake-utils",
        "rev": "11707dc2f618dd54ca8739b309ec4fc024de578b",
        "type": "github"
      },
      "original": {
        "owner": "numtide",
        "repo": "flake-utils",
        "type": "github"
      }
    },
    "libdrm-ocaml": {
      "inputs": {
        "nixpkgs": [
          "nixpkgs"
        ]
      },
      "locked": {
        "lastModified": 1762716643,
        "narHash": "sha256-+tC1YO5Vq+34h2oG+Je/l2voIAubfl0P/wB+oecEniU=",
        "owner": "talex5",
        "repo": "libdrm-ocaml",
        "rev": "1fcf677f9423045a67be444bcd2b923841be7686",
        "type": "github"
      },
      "original": {
        "owner": "talex5",
        "ref": "main",
        "repo": "libdrm-ocaml",
        "type": "github"
      }
    },
    "nixpkgs": {
      "locked": {
        "lastModified": 1762765860,
        "narHash": "sha256-eC9lOOs9XIbyXStB1DZ+9CNNNsLRmCktrIRCBlxuMWo=",
        "owner": "NixOS",
        "repo": "nixpkgs",
        "rev": "37a52ecc83b26df6447531b1629d2f49b6107834",
        "type": "github"
      },
      "original": {
        "owner": "NixOS",
        "ref": "release-25.05",
        "repo": "nixpkgs",
        "type": "github"
      }
    },
    "root": {
      "inputs": {
        "eio-trace": "eio-trace",
        "libdrm-ocaml": "libdrm-ocaml",
        "nixpkgs": "nixpkgs"
      }
    },
    "systems": {
      "locked": {
        "lastModified": 1681028828,
        "narHash": "sha256-Vy1rq5AaRuLzOxct8nz4T6wlgyUR7zLU309k9mBC768=",
        "owner": "nix-systems",
        "repo": "default",
        "rev": "da67096a3b9bf56a91d16901293e51ba5b49a27e",
        "type": "github"
      },
      "original": {
        "owner": "nix-systems",
        "repo": "default",
        "type": "github"
      }
    }
  },
  "root": "root",
  "version": 7
}
